
Microsoft Visual Studio Solution File, Format Version 12.00
# Visual Studio Version 17
VisualStudioVersion = 17.2.32516.85
MinimumVisualStudioVersion = 10.0.40219.1
Project("{FAE04EC0-301F-11D3-BF4B-00C04F79EFBC}") = "AppDockers", "AppDockers\AppDockers.csproj", "{C8AD967B-B944-4DC1-867F-CD963C6E29DE}"
EndProject
Global
	GlobalSection(SolutionConfigurationPlatforms) = preSolution
		Debug|Any CPU = Debug|Any CPU
		Release|Any CPU = Release|Any CPU
	EndGlobalSection
	GlobalSection(ProjectConfigurationPlatforms) = postSolution
		{C8AD967B-B944-4DC1-867F-CD963C6E29DE}.Debug|Any CPU.ActiveCfg = Debug|Any CPU
		{C8AD967B-B944-4DC1-867F-CD963C6E29DE}.Debug|Any CPU.Build.0 = Debug|Any CPU
		{C8AD967B-B944-4DC1-867F-CD963C6E29DE}.Release|Any CPU.ActiveCfg = Release|Any CPU
		{C8AD967B-B944-4DC1-867F-CD963C6E29DE}.Release|Any CPU.Build.0 = Release|Any CPU
	EndGlobalSection
	GlobalSection(SolutionProperties) = preSolution
		HideSolutionNode = FALSE
	EndGlobalSection
	GlobalSection(ExtensibilityGlobals) = postSolution
		SolutionGuid = {48255F47-09FF-4015-9294-7520208A77D2}
	EndGlobalSection
EndGlobal
